
Microsoft Visual Studio Solution File, Format Version 12.00
# Visual Studio Version 17
VisualStudioVersion = 17.8.34511.84
MinimumVisualStudioVersion = 10.0.40219.1
Project("{9A19103F-16F7-4668-BE54-9A1E7A4F7556}") = "LabMaterials", "LabMaterials.csproj", "{7B665119-E3D0-48AD-B02F-B36F62EF5088}"
EndProject
Global
	GlobalSection(SolutionConfigurationPlatforms) = preSolution
		Debug|Any CPU = Debug|Any CPU
		Release|Any CPU = Release|Any CPU
	EndGlobalSection
	GlobalSection(ProjectConfigurationPlatforms) = postSolution
		{7B665119-E3D0-48AD-B02F-B36F62EF5088}.Debug|Any CPU.ActiveCfg = Debug|Any CPU
		{7B665119-E3D0-48AD-B02F-B36F62EF5088}.Debug|Any CPU.Build.0 = Debug|Any CPU
		{7B665119-E3D0-48AD-B02F-B36F62EF5088}.Release|Any CPU.ActiveCfg = Release|Any CPU
		{7B665119-E3D0-48AD-B02F-B36F62EF5088}.Release|Any CPU.Build.0 = Release|Any CPU
	EndGlobalSection
	GlobalSection(SolutionProperties) = preSolution
		HideSolutionNode = FALSE
	EndGlobalSection
	GlobalSection(ExtensibilityGlobals) = postSolution
		SolutionGuid = {AEC357E4-54FA-4486-B32B-B692376FCCE5}
	EndGlobalSection
EndGlobal
